
Microsoft Visual Studio Solution File, Format Version 12.00
# Visual Studio 15
VisualStudioVersion = 15.0.28307.1267
MinimumVisualStudioVersion = 10.0.40219.1
Project("{FAE04EC0-301F-11D3-BF4B-00C04F79EFBC}") = "FirstWCFService-019", "FirstWCFService-019\FirstWCFService-019.csproj", "{61565515-A0A9-486F-9E89-5FF2B47D0799}"
EndProject
Global
	GlobalSection(SolutionConfigurationPlatforms) = preSolution
		Debug|Any CPU = Debug|Any CPU
		Release|Any CPU = Release|Any CPU
	EndGlobalSection
	GlobalSection(ProjectConfigurationPlatforms) = postSolution
		{61565515-A0A9-486F-9E89-5FF2B47D0799}.Debug|Any CPU.ActiveCfg = Debug|Any CPU
		{61565515-A0A9-486F-9E89-5FF2B47D0799}.Debug|Any CPU.Build.0 = Debug|Any CPU
		{61565515-A0A9-486F-9E89-5FF2B47D0799}.Release|Any CPU.ActiveCfg = Release|Any CPU
		{61565515-A0A9-486F-9E89-5FF2B47D0799}.Release|Any CPU.Build.0 = Release|Any CPU
	EndGlobalSection
	GlobalSection(SolutionProperties) = preSolution
		HideSolutionNode = FALSE
	EndGlobalSection
	GlobalSection(ExtensibilityGlobals) = postSolution
		SolutionGuid = {8313BDF7-21A7-48CE-826E-12990745E00D}
	EndGlobalSection
EndGlobal
